lockfileVersion: '6.0'

settings:
  autoInstallPeers: true
  excludeLinksFromLockfile: false

dependencies:
  swiper:
    specifier: ^10.3.1
    version: 10.3.1

packages:

  /swiper@10.3.1:
    resolution: {integrity: sha512-24Wk3YUdZHxjc9faID97GTu6xnLNia+adMt6qMTZG/HgdSUt4fS0REsGUXJOgpTED0Amh/j+gRGQxsLayJUlBQ==}
    engines: {node: '>= 4.7.0'}
    dev: false
